
Microsoft Visual Studio Solution File, Format Version 12.00
# Visual Studio 15
VisualStudioVersion = 15.0.28307.572
MinimumVisualStudioVersion = 10.0.40219.1
Project("{FAE04EC0-301F-11D3-BF4B-00C04F79EFBC}") = "OrderHandler", "OrderHandler\OrderHandler.csproj", "{6BD42047-E80E-49E5-947C-AD264FDF5BC5}"
EndProject
Global
	GlobalSection(SolutionConfigurationPlatforms) = preSolution
		Debug|Any CPU = Debug|Any CPU
		Release|Any CPU = Release|Any CPU
	EndGlobalSection
	GlobalSection(ProjectConfigurationPlatforms) = postSolution
		{6BD42047-E80E-49E5-947C-AD264FDF5BC5}.Debug|Any CPU.ActiveCfg = Debug|Any CPU
		{6BD42047-E80E-49E5-947C-AD264FDF5BC5}.Debug|Any CPU.Build.0 = Debug|Any CPU
		{6BD42047-E80E-49E5-947C-AD264FDF5BC5}.Release|Any CPU.ActiveCfg = Release|Any CPU
		{6BD42047-E80E-49E5-947C-AD264FDF5BC5}.Release|Any CPU.Build.0 = Release|Any CPU
	EndGlobalSection
	GlobalSection(SolutionProperties) = preSolution
		HideSolutionNode = FALSE
	EndGlobalSection
	GlobalSection(ExtensibilityGlobals) = postSolution
		SolutionGuid = {85B2978B-14B4-4818-BB12-A374897E192B}
	EndGlobalSection
EndGlobal
